# THIS IS AN AUTOGENERATED FILE. DO NOT EDIT THIS FILE DIRECTLY.
assets/stylesheet.css.liquid:
  development: 2017-11-28T10:31:44-05:00   175cafd8ac7702e39ea77107ed877479
assets/theme.js.liquid:
  development: 2017-11-29T10:45:57-05:00   9d8de3aa04a599c89a2765b61953286a
config/settings_schema.json:
  development: 2017-11-29T13:47:32-05:00   88e716dcbabad9ef5037e85658b4c746
sections/collection-template.liquid:
  development: 2017-11-27T11:04:47-05:00   f3be9e7854a354e5b80127e5c4b2c948
sections/footer.liquid:
  development: 2017-11-27T11:05:03-05:00   d6d8132ab031cab3fe6438bceb7fbe64
sections/header.liquid:
  development: 2017-11-28T10:36:47-05:00   ce280d3e8fe68ae4ee4dc4ec4c1c4419
snippets/navigation.liquid:
  development: 2017-11-28T13:03:37-05:00   374b3362d2035ce8396310e3f4c98c64
templates/404.liquid:
  development: 2017-11-29T13:37:00-05:00   fc9a73a0c82a25ccf4be4fdcc57dc9de
