# THIS IS AN AUTOGENERATED FILE. DO NOT EDIT THIS FILE DIRECTLY.
assets/stylesheet.css.liquid:
  development: 2017-11-28T10:31:44-05:00   175cafd8ac7702e39ea77107ed877479
assets/theme.js.liquid:
  development: 2017-11-28T10:26:16-05:00   e5c299a43327a8b31e2136435c7d150c
sections/collection-template.liquid:
  development: 2017-11-27T11:04:47-05:00   f3be9e7854a354e5b80127e5c4b2c948
sections/footer.liquid:
  development: 2017-11-27T11:05:03-05:00   d6d8132ab031cab3fe6438bceb7fbe64
sections/header.liquid:
  development: 2017-11-28T10:36:47-05:00   ce280d3e8fe68ae4ee4dc4ec4c1c4419
snippets/navigation.liquid:
  development: 2017-11-28T10:35:58-05:00   683f9cbcd16f752d5325d94895205cc8
