# THIS IS AN AUTOGENERATED FILE. DO NOT EDIT THIS FILE DIRECTLY.
assets/FontAwesome.otf:
  development: 2017-12-05T10:17:25-05:00   5dc41d8fe329a22fa1ee9225571c843e
assets/api.js:
  development: 2017-12-05T10:17:25-05:00   970684141bc26849c587d2aeda16b636
assets/baloons.jpg:
  development: 2017-12-05T10:17:25-05:00   444a4b222f76009ed9b821371567a1cb
assets/blank.gif:
  development: 2017-12-05T10:17:26-05:00   325472601571f31e1bf00674c368d335
assets/card.gift-card.jpg:
  development: 2017-12-05T10:17:26-05:00   d138afb15fea8f4b38315f55de8bac73
assets/checkout.css.liquid:
  development: 2017-12-05T10:17:26-05:00   f9a6d8273b402dc8f0b26b2b8c58e28e
assets/close-slideout.png:
  development: 2017-12-05T10:17:26-05:00   bcb8239a4b1ce6e974fd83413da40c20
assets/close.png:
  development: 2017-12-05T10:17:26-05:00   9c5aaed13af2d25f7edff27d8deea734
assets/corner-bottom-left.gift-card.png:
  development: 2017-12-05T10:17:27-05:00   c3f01eaef44d4ac3be84598e67be2ed8
assets/corner-bottom-right.gift-card.png:
  development: 2017-12-05T10:17:27-05:00   6e9f39539a9f0643f51aa41019f4f2d8
assets/corner-bottom-right.gift-card.svg:
  development: 2017-12-05T10:17:27-05:00   c09a76b60894aec587025cdf9b7fa8fd
assets/corner-top-left.gift-card.png:
  development: 2017-12-05T10:17:28-05:00   f6d0d5252451d3b47b5d7ec1b77705e5
assets/corner-top-left.gift-card.svg:
  development: 2017-12-05T10:17:28-05:00   1275ce20f1c9234f8c574055a0d2dfe6
assets/corner-top-right.gift-card.png:
  development: 2017-12-05T10:17:28-05:00   906dd01338931b7fee73440e2892dbb6
assets/fancybox_overlay.png:
  development: 2017-12-05T10:17:28-05:00   77aeaa52715b898b73c74d68c630330e
assets/flexslider-icon.ttf:
  development: 2017-12-05T10:17:28-05:00   b4c9e5057989b9727a5df4e0a21af33c
assets/flexslider-icon.woff:
  development: 2017-12-05T10:17:29-05:00   f8b92f66539473eea649c8514eb836a0
assets/fontawesome-webfont.eot:
  development: 2017-12-05T10:17:29-05:00   25a32416abee198dd821b0b17a198a8f
assets/fontawesome-webfont.svg:
  development: 2017-12-05T10:17:29-05:00   d7c639084f684d66a1bc66855d193ed8
assets/fontawesome-webfont.ttf:
  development: 2017-12-05T10:17:30-05:00   1dc35d25e61d819a9c357074014867ab
assets/fontawesome-webfont.woff:
  development: 2017-12-05T10:17:30-05:00   c8ddf1e5e5bf3682bc7bebf30f394148
assets/fontawesome-webfont.woff2:
  development: 2017-12-05T10:17:30-05:00   e6cf7c6ec7c2d6f670ae9d762604cb0b
assets/icon-bug.gift-card.png:
  development: 2017-12-05T10:17:30-05:00   342e26efccd00ac7c8a724f67808112b
assets/icon-email.gift-card.png:
  development: 2017-12-05T10:17:31-05:00   4ff30f273247cec30cb5b2473a630433
assets/icon-email.gift-card.svg:
  development: 2017-12-05T10:17:31-05:00   9de72e85a7ccdc95763f8c6c756fb3b4
assets/icon-print.gift-card.png:
  development: 2017-12-05T10:17:31-05:00   b71f0fadc8715f245bb0cea345818b48
assets/icon-print.gift-card.svg:
  development: 2017-12-05T10:17:31-05:00   0c5f2dfbae84298216ede0d35a6d18d5
assets/instafeed.js:
  development: 2017-12-05T10:17:31-05:00   13310780f6962652a6d0255eee73acdf
assets/jquery.currencies.min.js:
  development: 2017-12-05T11:15:44-05:00   fbda3f892f5bfe99013e90c545ecef31
assets/jquery.products.min.js:
  development: 2017-12-05T10:17:31-05:00   1424f5a203a33f9e283a0fe1728b7d56
assets/modernizr.custom.js:
  development: 2017-12-05T10:17:32-05:00   3ad7bc528408307bbba6f4c01a1ca04d
assets/modernizr.gift-card.js:
  development: 2017-12-05T10:17:32-05:00   a041527af2b5b1148dd228f0d18a7cfe
assets/nav_promo.jpg:
  development: 2017-12-05T10:17:32-05:00   2ab1a12381ed7aece655e9712225d0e8
assets/next.png:
  development: 2017-12-05T10:17:32-05:00   198bb9b8731895e68953d05ce86dfa9b
assets/password-page-background.jpg:
  development: 2017-12-05T10:17:32-05:00   444a4b222f76009ed9b821371567a1cb
assets/popup-image.jpg:
  development: 2017-12-05T10:17:33-05:00   eefba709483b93541e51a0f60ec0c2a2
assets/prev.png:
  development: 2017-12-05T10:17:33-05:00   995c02d0d9b1f174cf2aba265299c75e
assets/queries.css.liquid:
  development: 2017-12-05T10:17:33-05:00   17d24cb6592f3da76d4cc94b64ab86ae
assets/queries.liquid:
  development: 2017-12-05T10:17:33-05:00
assets/select-arrow.png:
  development: 2017-12-05T10:17:33-05:00   7c8efc136ac482b05038aac5eadfb230
assets/soldout.png:
  development: 2017-12-05T10:17:33-05:00   e102fb334e89880c94740bfa11cfc7ab
assets/styles.gift-card.scss.liquid:
  development: 2017-12-05T10:17:34-05:00   d64f2f56af7741efb7be6e83cb38e25d
assets/stylesheet.css.liquid:
  development: 2017-12-05T11:17:00-05:00   9cd65531bb6431060639691512cf9568
assets/theme.js.liquid:
  development: 2017-12-05T10:17:34-05:00   9d8de3aa04a599c89a2765b61953286a
config/settings_data.json:
  development: 2017-12-05T11:16:27-05:00   7147dc8095eec07e667c10da5ad19fa9
config/settings_schema.json:
  development: 2017-12-05T11:16:00-05:00   c7d84be87e66f2be863ef1693140f2dc
layout/theme.liquid:
  development: 2017-12-05T10:56:49-05:00   0d6887f8fddeb0f61a4e1abbde572b27
locales/en.default.json:
  development: 2017-12-05T10:56:02-05:00   4ba3fdb4f7d64523331a5714b72cc3f8
sections/article-template.liquid:
  development: 2017-12-05T10:17:24-05:00   f5a4ba5dab365d51800f364135582d29
sections/blog-template.liquid:
  development: 2017-12-05T10:17:24-05:00   35bd0d48a27e4a57dda2ffd9d18e6d47
sections/collection-template.liquid:
  development: 2017-12-05T10:17:24-05:00   f3be9e7854a354e5b80127e5c4b2c948
sections/contact-page-template.liquid:
  development: 2017-12-05T10:17:24-05:00   75858a8c28092476ba7ed049ca00a6fc
sections/featured-blog.liquid:
  development: 2017-12-05T10:17:24-05:00   b71d6d505ccc7fbc10b2f72e2b3bef68
sections/featured-collections.liquid:
  development: 2017-12-05T10:17:24-05:00   75e1c71fcb59585ca8ec01d1dc29a4fa
sections/featured-content.liquid:
  development: 2017-12-05T10:17:24-05:00   f2c73cac644f20c2c8ef6816d82c933e
sections/featured-images.liquid:
  development: 2017-12-05T10:17:24-05:00   0d41c44822b67a93e38e06a353fc0e7f
sections/featured-products.liquid:
  development: 2017-12-05T10:17:24-05:00   fcee3ea9ce733595183d539bce33f390
sections/featured_video.liquid:
  development: 2017-12-05T10:17:24-05:00   cfe94ba7c213748257952b8d04474f73
sections/footer.liquid:
  development: 2017-12-05T10:17:24-05:00   d6d8132ab031cab3fe6438bceb7fbe64
sections/header.liquid:
  development: 2017-12-05T10:17:24-05:00   ce280d3e8fe68ae4ee4dc4ec4c1c4419
sections/instagram-feed.liquid:
  development: 2017-12-05T10:17:24-05:00   bb897385c740b8f0c6df2b4ca8fe3154
sections/list-collection-template.liquid:
  development: 2017-12-05T10:17:24-05:00   e2f2ceb56a12138f5454621d8bcecdce
sections/page-template.liquid:
  development: 2017-12-05T10:17:24-05:00   ec9acd2dd8966672f1b5b47d6a25ac6d
sections/password-template.liquid:
  development: 2017-12-05T10:17:24-05:00   3142b546e77fa7efc43363fc972a1bb2
sections/product-template.liquid:
  development: 2017-12-05T10:17:24-05:00   ff9e9ab85881b6b8f0224644877af87c
sections/search-template.liquid:
  development: 2017-12-05T10:17:24-05:00   aa8b17883a9605a222fdee1ac3f27c59
sections/slideshow.liquid:
  development: 2017-12-05T10:17:24-05:00   89dbdf9bfbf4ce56935fb58cd0005cd1
sections/text-with-images.liquid:
  development: 2017-12-05T10:17:24-05:00   b5b4a299fed719a54a161023e1754f21
snippets/article-loop.liquid:
  development: 2017-12-05T10:17:34-05:00   3a5540077e805cce3e23fbb94437723d
snippets/breadcrumb.liquid:
  development: 2017-12-05T10:17:34-05:00   1b3087d601a5294756bd56379586b1bc
snippets/collection-grid-item.liquid:
  development: 2017-12-05T10:17:34-05:00   4e847514e4eb26ba0521c1ee2e93a21f
snippets/collection-listing.liquid:
  development: 2017-12-05T10:17:34-05:00   af5400f6d967296d0027ccb2de752e7f
snippets/collection-sidebar.liquid:
  development: 2017-12-05T10:17:34-05:00   39aac604c9e6255cd0ac34fd7e50cd9f
snippets/contact.liquid:
  development: 2017-12-05T10:17:34-05:00   a6e6ff8196eb841e4ffbed6ffb3b963f
snippets/currencies.liquid:
  development: 2017-12-05T10:17:34-05:00   353c2b82cc112a921d45a0e75d12a2ae
snippets/currency-change.liquid:
  development: 2017-12-05T10:17:34-05:00   0a46d97aedcd2cda4aa05541d9f663f7
snippets/dropdown-filter.liquid:
  development: 2017-12-05T10:17:34-05:00   d9ea86ffd3240052f36bc8bc3f6e0e67
snippets/filter.liquid:
  development: 2017-12-05T10:17:34-05:00   d4ae9945462fe0a4c04fa33bcb2fdcbc
snippets/google-fonts.liquid:
  development: 2017-12-05T10:17:34-05:00   bcec2fde70d11cf79876ae3466fc1340
snippets/mailing.liquid:
  development: 2017-12-05T10:17:34-05:00   29242447feeba36797381d04157306e5
snippets/navigation.liquid:
  development: 2017-12-05T10:17:34-05:00   374b3362d2035ce8396310e3f4c98c64
snippets/no-blocks.liquid:
  development: 2017-12-05T10:17:34-05:00   39e69cb39c68b429356843b3602dbc7f
snippets/onboard-blog.liquid:
  development: 2017-12-05T10:17:34-05:00   645bc42cd699b97c9d14be1dfa3957ff
snippets/onboard-collection.liquid:
  development: 2017-12-05T10:17:34-05:00   a16dbe04d9d23d8c328c885ab61f1635
snippets/onboard-instagram.liquid:
  development: 2017-12-05T10:17:34-05:00   55729ca884e8a8d983df028449ea67c0
snippets/onboard-product.liquid:
  development: 2017-12-05T10:17:35-05:00   0a3be99891331d90462953a936621653
snippets/pagination.liquid:
  development: 2017-12-05T10:17:35-05:00   959f5fd44923bc7183f5ec1f3d8ebb7f
snippets/popup.liquid:
  development: 2017-12-05T10:17:35-05:00   02232d6842e7e182747c9fd0ba1012c9
snippets/product-listing-swatches.liquid:
  development: 2017-12-05T10:17:35-05:00   2fd2940aa8c4dd07c3bcf46f10be2ac9
snippets/product-listing.liquid:
  development: 2017-12-05T10:17:35-05:00   8b0b5be7556a8bc19ebc85c47a33bedd
snippets/question.liquid:
  development: 2017-12-05T10:17:35-05:00   3a960cc208a831fe4b1fd3ba8ea40882
snippets/quick-form.liquid:
  development: 2017-12-05T10:17:35-05:00   9145070f57e0a6c9db55230bde0cdb6b
snippets/recently-viewed.liquid:
  development: 2017-12-05T10:17:35-05:00   f700e121fdf51bc77086915fef3805bc
snippets/related-products.liquid:
  development: 2017-12-05T10:17:35-05:00   cd826d97e164c50bfac76a479939c973
snippets/shopping-cart.liquid:
  development: 2017-12-05T10:17:35-05:00   bc3e8f9134b30190907ad110dc6ff92c
snippets/short-form.liquid:
  development: 2017-12-05T10:17:35-05:00   f99a6a3fa57fb507cf9f1db1a9a811b8
snippets/social-meta-tags.liquid:
  development: 2017-12-05T10:17:35-05:00   3f1e1dc350d67763e8c92ceb14ee97fb
snippets/social.liquid:
  development: 2017-12-05T10:17:35-05:00   be8d36ef486def573aaa37d7e6fc634f
snippets/swatch.liquid:
  development: 2017-12-05T10:17:35-05:00   3e8e8e0ff21bfda377258768449c1f53
templates/404.liquid:
  development: 2017-12-05T10:17:35-05:00   fc9a73a0c82a25ccf4be4fdcc57dc9de
templates/article.liquid:
  development: 2017-12-05T10:17:35-05:00   7179d4f13d3e70da8246dae8e62a7322
templates/blog.liquid:
  development: 2017-12-05T10:17:35-05:00   5a5f9f3545d527cdb924d4fc1c211326
templates/cart.liquid:
  development: 2017-12-05T10:17:35-05:00   0b25af01ed60d1b6ae9dcc2ab38a7a15
templates/collection.liquid:
  development: 2017-12-05T10:17:35-05:00   018d0dbfa95e848a5bd8302ae528c51e
templates/customers/account.liquid:
  development: 2017-12-05T10:17:35-05:00   3417b1fff73e1adaaed2e55ab10589f9
templates/customers/activate_account.liquid:
  development: 2017-12-05T10:17:35-05:00   35ffc9279c4064bb8737bb0cee32a4c3
templates/customers/addresses.liquid:
  development: 2017-12-05T10:17:35-05:00   0f94fa7543ed9d72418964c1e9e70397
templates/customers/login.liquid:
  development: 2017-12-05T10:17:35-05:00   e583d2b0d837574611984176cba73897
templates/customers/order.liquid:
  development: 2017-12-05T10:17:35-05:00   f49eb8b21ff746951abbfd1544b72aa7
templates/customers/register.liquid:
  development: 2017-12-05T10:17:35-05:00   8051f518f83d8f8c07f1fe1810f8043f
templates/customers/reset_password.liquid:
  development: 2017-12-05T10:17:35-05:00   75892b15b1155e9ae14e0d83773ffe4f
templates/gift_card.liquid:
  development: 2017-12-05T10:17:35-05:00   7db051c489bc9164be47f4cf255cfd42
templates/index.liquid:
  development: 2017-12-05T10:17:35-05:00   f928d6eada4f0a3d891309421f31f99f
templates/list-collections.liquid:
  development: 2017-12-05T10:17:35-05:00   1deeb4a0e7058e1013e969a0f4144e3e
templates/page.contact.liquid:
  development: 2017-12-05T10:17:35-05:00   d936a0dbd5aebd531864f79b51f79278
templates/page.liquid:
  development: 2017-12-05T10:17:35-05:00   b2d8ec358a9b1bb0b1e13a7f4f3773b3
templates/password.liquid:
  development: 2017-12-05T10:17:35-05:00   2ca66e6e44a0cd2a898ff78469c70cea
templates/product.liquid:
  development: 2017-12-05T10:17:35-05:00   93715d681a53103cb02ca56ff5f26084
templates/product.pre-order.liquid:
  development: 2017-12-05T10:17:35-05:00   a3ecb4d93dd5e06aa75687592d8fd1c9
templates/product.quick.liquid:
  development: 2017-12-05T10:17:35-05:00   c1758ff24954558b634856c886a78ca6
templates/search.liquid:
  development: 2017-12-05T10:17:35-05:00   e1f7fd9aeacf91eb89bcc40955509597
